{
  "version": 4,
  "terraform_version": "1.13.5",
  "serial": 2,
  "lineage": "9285160f-943e-2d22-2261-6fd045f02117",
  "outputs": {},
  "resources": [
    {
      "module": "module.main.module.ddb",
      "mode": "managed",
      "type": "aws_dynamodb_table",
      "name": "asset_metadata",
      "provider": "provider[\"registry.terraform.io/hashicorp/aws\"]",
      "instances": [
        {
          "schema_version": 1,
          "attributes": {
            "arn": "arn:aws:dynamodb:us-east-1:957103508667:table/best-cat-2025-11-17-0038-asset-metadata",
            "attribute": [
              {
                "name": "image_id",
                "type": "S"
              }
            ],
            "billing_mode": "PAY_PER_REQUEST",
            "deletion_protection_enabled": false,
            "global_secondary_index": [],
            "hash_key": "image_id",
            "id": "best-cat-2025-11-17-0038-asset-metadata",
            "import_table": [],
            "local_secondary_index": [],
            "name": "best-cat-2025-11-17-0038-asset-metadata",
            "on_demand_throughput": [],
            "point_in_time_recovery": [
              {
                "enabled": false,
                "recovery_period_in_days": 0
              }
            ],
            "range_key": null,
            "read_capacity": 0,
            "region": "us-east-1",
            "replica": [],
            "restore_date_time": null,
            "restore_source_name": null,
            "restore_source_table_arn": null,
            "restore_to_latest_time": null,
            "server_side_encryption": [],
            "stream_arn": "",
            "stream_enabled": false,
            "stream_label": "",
            "stream_view_type": "",
            "table_class": "STANDARD",
            "tags": {
              "Name": "best-cat-2025-11-17-0038-asset-metadata"
            },
            "tags_all": {
              "Name": "best-cat-2025-11-17-0038-asset-metadata"
            },
            "timeouts": null,
            "ttl": [
              {
                "attribute_name": "",
                "enabled": false
              }
            ],
            "write_capacity": 0
          },
          "sensitive_attributes": [],
          "identity_schema_version": 0,
          "private": "eyJlMmJmYjczMC1lY2FhLTExZTYtOGY4OC0zNDM2M2JjN2M0YzAiOnsiY3JlYXRlIjoxODAwMDAwMDAwMDAwLCJkZWxldGUiOjYwMDAwMDAwMDAwMCwidXBkYXRlIjozNjAwMDAwMDAwMDAwfSwic2NoZW1hX3ZlcnNpb24iOiIxIn0="
        }
      ]
    },
    {
      "module": "module.main.module.iam",
      "mode": "managed",
      "type": "aws_iam_policy",
      "name": "lambda_basic_execution",
      "provider": "provider[\"registry.terraform.io/hashicorp/aws\"]",
      "instances": [
        {
          "schema_version": 0,
          "attributes": {
            "arn": "arn:aws:iam::957103508667:policy/best-cat-2025-11-17-0038-lambda-basic-execution",
            "attachment_count": 1,
            "description": "Policy for Lambda basic execution (CloudWatch logs)",
            "id": "arn:aws:iam::957103508667:policy/best-cat-2025-11-17-0038-lambda-basic-execution",
            "name": "best-cat-2025-11-17-0038-lambda-basic-execution",
            "name_prefix": "",
            "path": "/",
            "policy": "{\"Statement\":[{\"Action\":[\"logs:CreateLogGroup\",\"logs:CreateLogStream\",\"logs:PutLogEvents\"],\"Effect\":\"Allow\",\"Resource\":\"arn:aws:logs:us-east-1:957103508667:*\"}],\"Version\":\"2012-10-17\"}",
            "policy_id": "ANPA55V6QRS5UNMCTMTRG",
            "tags": {},
            "tags_all": {}
          },
          "sensitive_attributes": [],
          "identity_schema_version": 0,
          "identity": {
            "arn": "arn:aws:iam::957103508667:policy/best-cat-2025-11-17-0038-lambda-basic-execution"
          },
          "private": "bnVsbA==",
          "dependencies": [
            "module.main.module.iam.data.aws_caller_identity.current"
          ]
        }
      ]
    },
    {
      "module": "module.main.module.iam",
      "mode": "managed",
      "type": "aws_iam_policy",
      "name": "lambda_dynamodb",
      "provider": "provider[\"registry.terraform.io/hashicorp/aws\"]",
      "instances": [
        {
          "schema_version": 0,
          "attributes": {
            "arn": "arn:aws:iam::957103508667:policy/best-cat-2025-11-17-0038-lambda-dynamodb",
            "attachment_count": 1,
            "description": "Policy for Lambda to read/write to DynamoDB table",
            "id": "arn:aws:iam::957103508667:policy/best-cat-2025-11-17-0038-lambda-dynamodb",
            "name": "best-cat-2025-11-17-0038-lambda-dynamodb",
            "name_prefix": "",
            "path": "/",
            "policy": "{\"Statement\":[{\"Action\":[\"dynamodb:GetItem\",\"dynamodb:PutItem\",\"dynamodb:UpdateItem\",\"dynamodb:DeleteItem\",\"dynamodb:Query\",\"dynamodb:Scan\"],\"Effect\":\"Allow\",\"Resource\":\"arn:aws:dynamodb:us-east-1:957103508667:table/best-cat-2025-11-17-0038-asset-metadata\"}],\"Version\":\"2012-10-17\"}",
            "policy_id": "ANPA55V6QRS57SWTLQ2D5",
            "tags": {},
            "tags_all": {}
          },
          "sensitive_attributes": [],
          "identity_schema_version": 0,
          "identity": {
            "arn": "arn:aws:iam::957103508667:policy/best-cat-2025-11-17-0038-lambda-dynamodb"
          },
          "private": "bnVsbA==",
          "dependencies": [
            "module.main.module.ddb.aws_dynamodb_table.asset_metadata"
          ]
        }
      ]
    },
    {
      "module": "module.main.module.iam",
      "mode": "managed",
      "type": "aws_iam_policy",
      "name": "lambda_s3_read",
      "provider": "provider[\"registry.terraform.io/hashicorp/aws\"]",
      "instances": [
        {
          "schema_version": 0,
          "attributes": {
            "arn": "arn:aws:iam::957103508667:policy/best-cat-2025-11-17-0038-lambda-s3-read",
            "attachment_count": 1,
            "description": "Policy for Lambda to read from S3 bucket",
            "id": "arn:aws:iam::957103508667:policy/best-cat-2025-11-17-0038-lambda-s3-read",
            "name": "best-cat-2025-11-17-0038-lambda-s3-read",
            "name_prefix": "",
            "path": "/",
            "policy": "{\"Statement\":[{\"Action\":[\"s3:GetObject\",\"s3:ListBucket\"],\"Effect\":\"Allow\",\"Resource\":[\"arn:aws:s3:::best-cat-2025-11-17-0038-static-assets\",\"arn:aws:s3:::best-cat-2025-11-17-0038-static-assets/*\"]}],\"Version\":\"2012-10-17\"}",
            "policy_id": "ANPA55V6QRS5ZTQJTRYOC",
            "tags": {},
            "tags_all": {}
          },
          "sensitive_attributes": [],
          "identity_schema_version": 0,
          "identity": {
            "arn": "arn:aws:iam::957103508667:policy/best-cat-2025-11-17-0038-lambda-s3-read"
          },
          "private": "bnVsbA==",
          "dependencies": [
            "module.main.module.s3.aws_s3_bucket.static_assets"
          ]
        }
      ]
    },
    {
      "module": "module.main.module.iam",
      "mode": "managed",
      "type": "aws_iam_role",
      "name": "lambda_role",
      "provider": "provider[\"registry.terraform.io/hashicorp/aws\"]",
      "instances": [
        {
          "schema_version": 0,
          "attributes": {
            "arn": "arn:aws:iam::957103508667:role/best-cat-2025-11-17-0038-lambda-role",
            "assume_role_policy": "{\"Statement\":[{\"Action\":\"sts:AssumeRole\",\"Effect\":\"Allow\",\"Principal\":{\"Service\":\"lambda.amazonaws.com\"}}],\"Version\":\"2012-10-17\"}",
            "create_date": "2025-11-17T20:17:02Z",
            "description": "",
            "force_detach_policies": false,
            "id": "best-cat-2025-11-17-0038-lambda-role",
            "inline_policy": [],
            "managed_policy_arns": [
              "arn:aws:iam::957103508667:policy/best-cat-2025-11-17-0038-lambda-basic-execution",
              "arn:aws:iam::957103508667:policy/best-cat-2025-11-17-0038-lambda-dynamodb",
              "arn:aws:iam::957103508667:policy/best-cat-2025-11-17-0038-lambda-s3-read"
            ],
            "max_session_duration": 3600,
            "name": "best-cat-2025-11-17-0038-lambda-role",
            "name_prefix": "",
            "path": "/",
            "permissions_boundary": "",
            "tags": {},
            "tags_all": {},
            "unique_id": "AROA55V6QRS5Q77QBXMQC"
          },
          "sensitive_attributes": [],
          "identity_schema_version": 0,
          "identity": {
            "account_id": "957103508667",
            "name": "best-cat-2025-11-17-0038-lambda-role"
          },
          "private": "bnVsbA=="
        }
      ]
    },
    {
      "module": "module.main.module.iam",
      "mode": "managed",
      "type": "aws_iam_role_policy_attachment",
      "name": "lambda_basic_execution",
      "provider": "provider[\"registry.terraform.io/hashicorp/aws\"]",
      "instances": [
        {
          "schema_version": 0,
          "attributes": {
            "id": "best-cat-2025-11-17-0038-lambda-role/arn:aws:iam::957103508667:policy/best-cat-2025-11-17-0038-lambda-basic-execution",
            "policy_arn": "arn:aws:iam::957103508667:policy/best-cat-2025-11-17-0038-lambda-basic-execution",
            "role": "best-cat-2025-11-17-0038-lambda-role"
          },
          "sensitive_attributes": [],
          "identity_schema_version": 0,
          "identity": {
            "account_id": "957103508667",
            "policy_arn": "arn:aws:iam::957103508667:policy/best-cat-2025-11-17-0038-lambda-basic-execution",
            "role": "best-cat-2025-11-17-0038-lambda-role"
          },
          "private": "bnVsbA==",
          "dependencies": [
            "module.main.module.iam.aws_iam_policy.lambda_basic_execution",
            "module.main.module.iam.aws_iam_role.lambda_role",
            "module.main.module.iam.data.aws_caller_identity.current"
          ]
        }
      ]
    },
    {
      "module": "module.main.module.iam",
      "mode": "managed",
      "type": "aws_iam_role_policy_attachment",
      "name": "lambda_dynamodb",
      "provider": "provider[\"registry.terraform.io/hashicorp/aws\"]",
      "instances": [
        {
          "schema_version": 0,
          "attributes": {
            "id": "best-cat-2025-11-17-0038-lambda-role/arn:aws:iam::957103508667:policy/best-cat-2025-11-17-0038-lambda-dynamodb",
            "policy_arn": "arn:aws:iam::957103508667:policy/best-cat-2025-11-17-0038-lambda-dynamodb",
            "role": "best-cat-2025-11-17-0038-lambda-role"
          },
          "sensitive_attributes": [],
          "identity_schema_version": 0,
          "identity": {
            "account_id": "957103508667",
            "policy_arn": "arn:aws:iam::957103508667:policy/best-cat-2025-11-17-0038-lambda-dynamodb",
            "role": "best-cat-2025-11-17-0038-lambda-role"
          },
          "private": "bnVsbA==",
          "dependencies": [
            "module.main.module.ddb.aws_dynamodb_table.asset_metadata",
            "module.main.module.iam.aws_iam_policy.lambda_dynamodb",
            "module.main.module.iam.aws_iam_role.lambda_role"
          ]
        }
      ]
    },
    {
      "module": "module.main.module.iam",
      "mode": "managed",
      "type": "aws_iam_role_policy_attachment",
      "name": "lambda_s3_read",
      "provider": "provider[\"registry.terraform.io/hashicorp/aws\"]",
      "instances": [
        {
          "schema_version": 0,
          "attributes": {
            "id": "best-cat-2025-11-17-0038-lambda-role/arn:aws:iam::957103508667:policy/best-cat-2025-11-17-0038-lambda-s3-read",
            "policy_arn": "arn:aws:iam::957103508667:policy/best-cat-2025-11-17-0038-lambda-s3-read",
            "role": "best-cat-2025-11-17-0038-lambda-role"
          },
          "sensitive_attributes": [],
          "identity_schema_version": 0,
          "identity": {
            "account_id": "957103508667",
            "policy_arn": "arn:aws:iam::957103508667:policy/best-cat-2025-11-17-0038-lambda-s3-read",
            "role": "best-cat-2025-11-17-0038-lambda-role"
          },
          "private": "bnVsbA==",
          "dependencies": [
            "module.main.module.iam.aws_iam_policy.lambda_s3_read",
            "module.main.module.iam.aws_iam_role.lambda_role",
            "module.main.module.s3.aws_s3_bucket.static_assets"
          ]
        }
      ]
    },
    {
      "module": "module.main.module.lambda",
      "mode": "managed",
      "type": "aws_lambda_function",
      "name": "main",
      "provider": "provider[\"registry.terraform.io/hashicorp/aws\"]",
      "instances": [
        {
          "schema_version": 0,
          "attributes": {
            "architectures": [
              "arm64"
            ],
            "arn": "arn:aws:lambda:us-east-1:957103508667:function:best-cat-2025-11-17-0038-function",
            "code_sha256": "TWB6Yre3Gvr/Ccm1EMptMvql8nnsnV64T1ApNpCsgjw=",
            "code_signing_config_arn": "",
            "dead_letter_config": [],
            "description": "",
            "environment": [
              {
                "variables": {
                  "DYNAMODB_TABLE_NAME": "best-cat-2025-11-17-0038-asset-metadata",
                  "S3_BUCKET_NAME": "best-cat-2025-11-17-0038-static-assets"
                }
              }
            ],
            "ephemeral_storage": [
              {
                "size": 512
              }
            ],
            "file_system_config": [],
            "filename": "../../dist/best-cat.zip",
            "function_name": "best-cat-2025-11-17-0038-function",
            "handler": "index.handler",
            "id": "best-cat-2025-11-17-0038-function",
            "image_config": [],
            "image_uri": "",
            "invoke_arn": "arn:aws:apigateway:us-east-1:lambda:path/2015-03-31/functions/arn:aws:lambda:us-east-1:957103508667:function:best-cat-2025-11-17-0038-function/invocations",
            "kms_key_arn": "",
            "last_modified": "2025-11-17T20:22:52.995+0000",
            "layers": [],
            "logging_config": [
              {
                "application_log_level": "",
                "log_format": "Text",
                "log_group": "/aws/lambda/best-cat-2025-11-17-0038-function",
                "system_log_level": ""
              }
            ],
            "memory_size": 128,
            "package_type": "Zip",
            "publish": false,
            "qualified_arn": "arn:aws:lambda:us-east-1:957103508667:function:best-cat-2025-11-17-0038-function:$LATEST",
            "qualified_invoke_arn": "arn:aws:apigateway:us-east-1:lambda:path/2015-03-31/functions/arn:aws:lambda:us-east-1:957103508667:function:best-cat-2025-11-17-0038-function:$LATEST/invocations",
            "region": "us-east-1",
            "replace_security_groups_on_destroy": null,
            "replacement_security_group_ids": null,
            "reserved_concurrent_executions": -1,
            "role": "arn:aws:iam::957103508667:role/best-cat-2025-11-17-0038-lambda-role",
            "runtime": "nodejs22.x",
            "s3_bucket": null,
            "s3_key": null,
            "s3_object_version": null,
            "signing_job_arn": "",
            "signing_profile_version_arn": "",
            "skip_destroy": false,
            "snap_start": [],
            "source_code_hash": "TWB6Yre3Gvr/Ccm1EMptMvql8nnsnV64T1ApNpCsgjw=",
            "source_code_size": 6070412,
            "tags": {},
            "tags_all": {},
            "timeout": 30,
            "timeouts": null,
            "tracing_config": [
              {
                "mode": "PassThrough"
              }
            ],
            "version": "$LATEST",
            "vpc_config": []
          },
          "sensitive_attributes": [],
          "identity_schema_version": 0,
          "identity": {
            "account_id": "957103508667",
            "function_name": "best-cat-2025-11-17-0038-function",
            "region": "us-east-1"
          },
          "private": "eyJlMmJmYjczMC1lY2FhLTExZTYtOGY4OC0zNDM2M2JjN2M0YzAiOnsiY3JlYXRlIjo2MDAwMDAwMDAwMDAsImRlbGV0ZSI6NjAwMDAwMDAwMDAwLCJ1cGRhdGUiOjYwMDAwMDAwMDAwMH19",
          "dependencies": [
            "module.main.module.ddb.aws_dynamodb_table.asset_metadata",
            "module.main.module.iam.aws_iam_role.lambda_role",
            "module.main.module.s3.aws_s3_bucket.static_assets"
          ]
        }
      ]
    },
    {
      "module": "module.main.module.lambda",
      "mode": "managed",
      "type": "aws_lambda_function_url",
      "name": "main",
      "provider": "provider[\"registry.terraform.io/hashicorp/aws\"]",
      "instances": [
        {
          "schema_version": 0,
          "attributes": {
            "authorization_type": "NONE",
            "cors": [],
            "function_arn": "arn:aws:lambda:us-east-1:957103508667:function:best-cat-2025-11-17-0038-function",
            "function_name": "best-cat-2025-11-17-0038-function",
            "function_url": "https://xhdnuuet3gztochiyibysdpajm0cmaid.lambda-url.us-east-1.on.aws/",
            "id": "best-cat-2025-11-17-0038-function",
            "invoke_mode": "BUFFERED",
            "qualifier": "",
            "region": "us-east-1",
            "timeouts": null,
            "url_id": "xhdnuuet3gztochiyibysdpajm0cmaid"
          },
          "sensitive_attributes": [],
          "identity_schema_version": 0,
          "private": "eyJlMmJmYjczMC1lY2FhLTExZTYtOGY4OC0zNDM2M2JjN2M0YzAiOnsiY3JlYXRlIjo2MDAwMDAwMDAwMDB9fQ==",
          "dependencies": [
            "module.main.module.ddb.aws_dynamodb_table.asset_metadata",
            "module.main.module.iam.aws_iam_role.lambda_role",
            "module.main.module.lambda.aws_lambda_function.main",
            "module.main.module.s3.aws_s3_bucket.static_assets"
          ]
        }
      ]
    },
    {
      "module": "module.main.module.s3",
      "mode": "managed",
      "type": "aws_s3_bucket",
      "name": "static_assets",
      "provider": "provider[\"registry.terraform.io/hashicorp/aws\"]",
      "instances": [
        {
          "schema_version": 0,
          "attributes": {
            "acceleration_status": "",
            "acl": null,
            "arn": "arn:aws:s3:::best-cat-2025-11-17-0038-static-assets",
            "bucket": "best-cat-2025-11-17-0038-static-assets",
            "bucket_domain_name": "best-cat-2025-11-17-0038-static-assets.s3.amazonaws.com",
            "bucket_prefix": "",
            "bucket_region": "us-east-1",
            "bucket_regional_domain_name": "best-cat-2025-11-17-0038-static-assets.s3.us-east-1.amazonaws.com",
            "cors_rule": [],
            "force_destroy": false,
            "grant": [
              {
                "id": "cbd6e3c468adbf0377ad5a2ecdaf6383ff78e85a9310c5454cb458f18dbdea7d",
                "permissions": [
                  "FULL_CONTROL"
                ],
                "type": "CanonicalUser",
                "uri": ""
              }
            ],
            "hosted_zone_id": "Z3AQBSTGFYJSTF",
            "id": "best-cat-2025-11-17-0038-static-assets",
            "lifecycle_rule": [],
            "logging": [],
            "object_lock_configuration": [],
            "object_lock_enabled": false,
            "policy": "",
            "region": "us-east-1",
            "replication_configuration": [],
            "request_payer": "BucketOwner",
            "server_side_encryption_configuration": [
              {
                "rule": [
                  {
                    "apply_server_side_encryption_by_default": [
                      {
                        "kms_master_key_id": "",
                        "sse_algorithm": "AES256"
                      }
                    ],
                    "bucket_key_enabled": false
                  }
                ]
              }
            ],
            "tags": {},
            "tags_all": {},
            "timeouts": null,
            "versioning": [
              {
                "enabled": false,
                "mfa_delete": false
              }
            ],
            "website": [],
            "website_domain": null,
            "website_endpoint": null
          },
          "sensitive_attributes": [],
          "identity_schema_version": 0,
          "identity": {
            "account_id": "957103508667",
            "bucket": "best-cat-2025-11-17-0038-static-assets",
            "region": "us-east-1"
          },
          "private": "eyJlMmJmYjczMC1lY2FhLTExZTYtOGY4OC0zNDM2M2JjN2M0YzAiOnsiY3JlYXRlIjoxMjAwMDAwMDAwMDAwLCJkZWxldGUiOjM2MDAwMDAwMDAwMDAsInJlYWQiOjEyMDAwMDAwMDAwMDAsInVwZGF0ZSI6MTIwMDAwMDAwMDAwMH19"
        }
      ]
    }
  ],
  "check_results": null
}
